
Microsoft Visual Studio Solution File, Format Version 12.00
# Visual Studio Version 17
VisualStudioVersion = 17.7.34221.43
MinimumVisualStudioVersion = 10.0.40219.1
Project("{FAE04EC0-301F-11D3-BF4B-00C04F79EFBC}") = "lab-13", "lab-13\lab-13.csproj", "{2FB3AA3C-0046-4898-AA3A-25ED2F34A0A7}"
	ProjectSection(ProjectDependencies) = postProject
		{BCF01A0A-C72F-4A95-B1FD-15B081C10297} = {BCF01A0A-C72F-4A95-B1FD-15B081C10297}
	EndProjectSection
EndProject
Project("{9A19103F-16F7-4668-BE54-9A1E7A4F7556}") = "Lab-10", "Lab-10\Lab-10.csproj", "{BCF01A0A-C72F-4A95-B1FD-15B081C10297}"
EndProject
Project("{9A19103F-16F7-4668-BE54-9A1E7A4F7556}") = "lab-12", "lab-12\lab-12.csproj", "{1A857235-00BC-45F5-A485-401B48A7F8B5}"
EndProject
Global
	GlobalSection(SolutionConfigurationPlatforms) = preSolution
		Debug|Any CPU = Debug|Any CPU
		Release|Any CPU = Release|Any CPU
	EndGlobalSection
	GlobalSection(ProjectConfigurationPlatforms) = postSolution
		{2FB3AA3C-0046-4898-AA3A-25ED2F34A0A7}.Debug|Any CPU.ActiveCfg = Debug|Any CPU
		{2FB3AA3C-0046-4898-AA3A-25ED2F34A0A7}.Debug|Any CPU.Build.0 = Debug|Any CPU
		{2FB3AA3C-0046-4898-AA3A-25ED2F34A0A7}.Release|Any CPU.ActiveCfg = Release|Any CPU
		{2FB3AA3C-0046-4898-AA3A-25ED2F34A0A7}.Release|Any CPU.Build.0 = Release|Any CPU
		{BCF01A0A-C72F-4A95-B1FD-15B081C10297}.Debug|Any CPU.ActiveCfg = Debug|Any CPU
		{BCF01A0A-C72F-4A95-B1FD-15B081C10297}.Debug|Any CPU.Build.0 = Debug|Any CPU
		{BCF01A0A-C72F-4A95-B1FD-15B081C10297}.Release|Any CPU.ActiveCfg = Release|Any CPU
		{BCF01A0A-C72F-4A95-B1FD-15B081C10297}.Release|Any CPU.Build.0 = Release|Any CPU
		{1A857235-00BC-45F5-A485-401B48A7F8B5}.Debug|Any CPU.ActiveCfg = Debug|Any CPU
		{1A857235-00BC-45F5-A485-401B48A7F8B5}.Debug|Any CPU.Build.0 = Debug|Any CPU
		{1A857235-00BC-45F5-A485-401B48A7F8B5}.Release|Any CPU.ActiveCfg = Release|Any CPU
		{1A857235-00BC-45F5-A485-401B48A7F8B5}.Release|Any CPU.Build.0 = Release|Any CPU
	EndGlobalSection
	GlobalSection(SolutionProperties) = preSolution
		HideSolutionNode = FALSE
	EndGlobalSection
	GlobalSection(ExtensibilityGlobals) = postSolution
		SolutionGuid = {BEC025B9-1B4B-4A14-A524-3E0ADB2363C7}
	EndGlobalSection
EndGlobal
